
Microsoft Visual Studio Solution File, Format Version 12.00
# Visual Studio 15
VisualStudioVersion = 15.0.27130.2036
MinimumVisualStudioVersion = 10.0.40219.1
Project("{FAE04EC0-301F-11D3-BF4B-00C04F79EFBC}") = "PizzaApp", "PizzaApp\PizzaApp.csproj", "{48939981-B0FD-4808-B4E4-2EF4EA1FE5B7}"
EndProject
Global
	GlobalSection(SolutionConfigurationPlatforms) = preSolution
		Debug|Any CPU = Debug|Any CPU
		Release|Any CPU = Release|Any CPU
	EndGlobalSection
	GlobalSection(ProjectConfigurationPlatforms) = postSolution
		{48939981-B0FD-4808-B4E4-2EF4EA1FE5B7}.Debug|Any CPU.ActiveCfg = Debug|Any CPU
		{48939981-B0FD-4808-B4E4-2EF4EA1FE5B7}.Debug|Any CPU.Build.0 = Debug|Any CPU
		{48939981-B0FD-4808-B4E4-2EF4EA1FE5B7}.Release|Any CPU.ActiveCfg = Release|Any CPU
		{48939981-B0FD-4808-B4E4-2EF4EA1FE5B7}.Release|Any CPU.Build.0 = Release|Any CPU
	EndGlobalSection
	GlobalSection(SolutionProperties) = preSolution
		HideSolutionNode = FALSE
	EndGlobalSection
	GlobalSection(ExtensibilityGlobals) = postSolution
		SolutionGuid = {996F9587-8EAF-495D-BD04-09A9F79416E0}
	EndGlobalSection
EndGlobal
